<?xml version="1.0" encoding="utf-8"?>
<Project ToolsVersion="4.0" xmlns="http://schemas.microsoft.com/developer/msbuild/2003">
  <ItemGroup>
    <Filter Include="form">
      <UniqueIdentifier>{99349809-55BA-4b9d-BF79-8FDBB0286EB3}</UniqueIdentifier>
      <Extensions>ui</Extensions>
    </Filter>
    <Filter Include="resource">
      <UniqueIdentifier>{67DA6AB6-F800-4c08-8B7A-83BB121AAD01}</UniqueIdentifier>
      <Extensions>qrc;rc;ico;cur;bmp;dlg;rc2;rct;bin;rgs;gif;jpg;jpeg;jpe;resx;tiff;tif;png;wav;mfcribbon-ms</Extensions>
    </Filter>
    <Filter Include="basic">
      <UniqueIdentifier>{08b9b3c2-49e0-4318-aff4-7e577c8a1bf0}</UniqueIdentifier>
    </Filter>
    <Filter Include="framework">
      <UniqueIdentifier>{3364a8ba-6eff-4ee3-b4f1-2ce4deae5c81}</UniqueIdentifier>
    </Filter>
    <Filter Include="render">
      <UniqueIdentifier>{a5bb5207-49ec-4948-adba-a8314d0bbf98}</UniqueIdentifier>
    </Filter>
    <Filter Include="render\shader">
      <UniqueIdentifier>{c92d9e07-ea85-4a44-86ff-4fdb0f49f71c}</UniqueIdentifier>
    </Filter>
    <Filter Include="render\control">
      <UniqueIdentifier>{41c67f9e-8830-4fc6-8457-ebf021dc2bcc}</UniqueIdentifier>
    </Filter>
    <Filter Include="render\tools">
      <UniqueIdentifier>{194178d6-598d-4b1e-be29-b633897360b9}</UniqueIdentifier>
    </Filter>
    <Filter Include="render\texture">
      <UniqueIdentifier>{0d9eccff-e428-4af5-8f7b-2f744f7f3627}</UniqueIdentifier>
    </Filter>
    <Filter Include="render\camera">
      <UniqueIdentifier>{b6e4b98e-0e6a-4778-bbe8-c4206e736be2}</UniqueIdentifier>
    </Filter>
    <Filter Include="render\light">
      <UniqueIdentifier>{75d0a6f6-fca2-4ac2-9882-1b2bce6bd877}</UniqueIdentifier>
    </Filter>
    <Filter Include="render\modelload">
      <UniqueIdentifier>{0d273c2e-752d-489e-a78d-9aaadfe87b6d}</UniqueIdentifier>
    </Filter>
  </ItemGroup>
  <ItemGroup>
    <QtRcc Include="mainwindow.qrc">
      <Filter>resource</Filter>
    </QtRcc>
    <QtUic Include="mainwindow.ui">
      <Filter>form</Filter>
    </QtUic>
  </ItemGroup>
  <ItemGroup>
    <ClCompile Include="main.cpp" />
    <ClCompile Include="mainwindow.cpp">
      <Filter>framework</Filter>
    </ClCompile>
    <ClCompile Include="matrix.cpp">
      <Filter>basic</Filter>
    </ClCompile>
    <ClCompile Include="vector3.cpp">
      <Filter>basic</Filter>
    </ClCompile>
    <ClCompile Include="vector4.cpp">
      <Filter>basic</Filter>
    </ClCompile>
    <ClCompile Include="basicshader.cpp">
      <Filter>render\shader</Filter>
    </ClCompile>
    <ClCompile Include="pipeline.cpp">
      <Filter>render\control</Filter>
    </ClCompile>
    <ClCompile Include="renderroute.cpp">
      <Filter>render\control</Filter>
    </ClCompile>
    <ClCompile Include="polygon.cpp">
      <Filter>render\tools</Filter>
    </ClCompile>
    <ClCompile Include="texture.cpp">
      <Filter>render\texture</Filter>
    </ClCompile>
    <ClCompile Include="vector2.cpp">
      <Filter>basic</Filter>
    </ClCompile>
    <ClCompile Include="utils.cpp">
      <Filter>basic</Filter>
    </ClCompile>
    <ClCompile Include="maincamera.cpp">
      <Filter>render\camera</Filter>
    </ClCompile>
    <ClCompile Include="pointlight.cpp">
      <Filter>render\light</Filter>
    </ClCompile>
    <ClCompile Include="lightshader.cpp">
      <Filter>render\shader</Filter>
    </ClCompile>
    <ClCompile Include="directlight.cpp">
      <Filter>render\light</Filter>
    </ClCompile>
    <ClCompile Include="spotlight.cpp">
      <Filter>render\light</Filter>
    </ClCompile>
    <ClCompile Include="framebuffer.cpp">
      <Filter>framework</Filter>
    </ClCompile>
    <ClCompile Include="objmodel.cpp">
      <Filter>render\modelload</Filter>
    </ClCompile>
  </ItemGroup>
  <ItemGroup>
    <QtMoc Include="mainwindow.h">
      <Filter>framework</Filter>
    </QtMoc>
    <QtMoc Include="renderroute.h">
      <Filter>render\control</Filter>
    </QtMoc>
  </ItemGroup>
  <ItemGroup>
    <ClInclude Include="matrix.h">
      <Filter>basic</Filter>
    </ClInclude>
    <ClInclude Include="vector2.h">
      <Filter>basic</Filter>
    </ClInclude>
    <ClInclude Include="vector3.h">
      <Filter>basic</Filter>
    </ClInclude>
    <ClInclude Include="vector4.h">
      <Filter>basic</Filter>
    </ClInclude>
    <ClInclude Include="basicshader.h">
      <Filter>render\shader</Filter>
    </ClInclude>
    <ClInclude Include="baseshader.h">
      <Filter>render\shader</Filter>
    </ClInclude>
    <ClInclude Include="pipeline.h">
      <Filter>render\control</Filter>
    </ClInclude>
    <ClInclude Include="polygon.h">
      <Filter>render\tools</Filter>
    </ClInclude>
    <ClInclude Include="texture.h">
      <Filter>render\texture</Filter>
    </ClInclude>
    <ClInclude Include="include.h">
      <Filter>basic</Filter>
    </ClInclude>
    <ClInclude Include="utils.h">
      <Filter>basic</Filter>
    </ClInclude>
    <ClInclude Include="maincamera.h">
      <Filter>render\camera</Filter>
    </ClInclude>
    <ClInclude Include="pointlight.h">
      <Filter>render\light</Filter>
    </ClInclude>
    <ClInclude Include="light.h">
      <Filter>render\light</Filter>
    </ClInclude>
    <ClInclude Include="lightshader.h">
      <Filter>render\shader</Filter>
    </ClInclude>
    <ClInclude Include="directlight.h">
      <Filter>render\light</Filter>
    </ClInclude>
    <ClInclude Include="spotlight.h">
      <Filter>render\light</Filter>
    </ClInclude>
    <ClInclude Include="framebuffer.h">
      <Filter>framework</Filter>
    </ClInclude>
    <ClInclude Include="objmodel.h">
      <Filter>render\modelload</Filter>
    </ClInclude>
  </ItemGroup>
</Project>